<?xml version="1.0" encoding="utf-8"?>
<Project ToolsVersion="4.0" xmlns="http://schemas.microsoft.com/developer/msbuild/2003">
  <ItemGroup>
    <Filter Include="Source">
      <UniqueIdentifier>{d37dc2ce-677f-416d-bfad-3d32294cf3c6}</UniqueIdentifier>
    </Filter>
  </ItemGroup>
  <ItemGroup>
    <ClCompile Include="Task.cpp">
      <Filter>Source</Filter>
    </ClCompile>
    <ClCompile Include="TaskManager.cpp">
      <Filter>Source</Filter>
    </ClCompile>
    <ClCompile Include="main.cpp">
      <Filter>Source</Filter>
    </ClCompile>
  </ItemGroup>
  <ItemGroup>
    <ClInclude Include="Task.h">
      <Filter>Source</Filter>
    </ClInclude>
    <ClInclude Include="TaskManager.h">
      <Filter>Source</Filter>
    </ClInclude>
  </ItemGroup>
</Project>